
Microsoft Visual Studio Solution File, Format Version 12.00
# Visual Studio Version 17
VisualStudioVersion = 17.7.34031.279
MinimumVisualStudioVersion = 10.0.40219.1
Project("{FAE04EC0-301F-11D3-BF4B-00C04F79EFBC}") = "helloCSharp06", "helloCSharp06\helloCSharp06.csproj", "{FF3BB628-F33B-4412-99CA-28C652B6F326}"
EndProject
Project("{FAE04EC0-301F-11D3-BF4B-00C04F79EFBC}") = "test1102-01", "test1102-01\test1102-01.csproj", "{3EEBD157-F9D5-4792-9B93-34242ED84771}"
EndProject
Project("{FAE04EC0-301F-11D3-BF4B-00C04F79EFBC}") = "helloCSharp06-01-chap10", "helloCSharp06-01-chap10\helloCSharp06-01-chap10.csproj", "{C08FA3CE-6C52-46CC-B291-ED6B572C2D38}"
EndProject
Global
	GlobalSection(SolutionConfigurationPlatforms) = preSolution
		Debug|Any CPU = Debug|Any CPU
		Release|Any CPU = Release|Any CPU
	EndGlobalSection
	GlobalSection(ProjectConfigurationPlatforms) = postSolution
		{FF3BB628-F33B-4412-99CA-28C652B6F326}.Debug|Any CPU.ActiveCfg = Debug|Any CPU
		{FF3BB628-F33B-4412-99CA-28C652B6F326}.Debug|Any CPU.Build.0 = Debug|Any CPU
		{FF3BB628-F33B-4412-99CA-28C652B6F326}.Release|Any CPU.ActiveCfg = Release|Any CPU
		{FF3BB628-F33B-4412-99CA-28C652B6F326}.Release|Any CPU.Build.0 = Release|Any CPU
		{3EEBD157-F9D5-4792-9B93-34242ED84771}.Debug|Any CPU.ActiveCfg = Debug|Any CPU
		{3EEBD157-F9D5-4792-9B93-34242ED84771}.Debug|Any CPU.Build.0 = Debug|Any CPU
		{3EEBD157-F9D5-4792-9B93-34242ED84771}.Release|Any CPU.ActiveCfg = Release|Any CPU
		{3EEBD157-F9D5-4792-9B93-34242ED84771}.Release|Any CPU.Build.0 = Release|Any CPU
		{C08FA3CE-6C52-46CC-B291-ED6B572C2D38}.Debug|Any CPU.ActiveCfg = Debug|Any CPU
		{C08FA3CE-6C52-46CC-B291-ED6B572C2D38}.Debug|Any CPU.Build.0 = Debug|Any CPU
		{C08FA3CE-6C52-46CC-B291-ED6B572C2D38}.Release|Any CPU.ActiveCfg = Release|Any CPU
		{C08FA3CE-6C52-46CC-B291-ED6B572C2D38}.Release|Any CPU.Build.0 = Release|Any CPU
	EndGlobalSection
	GlobalSection(SolutionProperties) = preSolution
		HideSolutionNode = FALSE
	EndGlobalSection
	GlobalSection(ExtensibilityGlobals) = postSolution
		SolutionGuid = {8AABE8A9-05D3-451C-8365-28B5FAD7DDCE}
	EndGlobalSection
EndGlobal
