
Microsoft Visual Studio Solution File, Format Version 12.00
# Visual Studio Version 17
VisualStudioVersion = 17.7.34031.279
MinimumVisualStudioVersion = 10.0.40219.1
Project("{FAE04EC0-301F-11D3-BF4B-00C04F79EFBC}") = "test1026-01", "test1026-01\test1026-01.csproj", "{DF19138A-EC2F-413E-8049-79F2E5BBF039}"
EndProject
Project("{FAE04EC0-301F-11D3-BF4B-00C04F79EFBC}") = "lottoTeset", "lottoTeset\lottoTeset.csproj", "{A392DB10-D168-4789-9870-8BF569D0DBE6}"
EndProject
Project("{FAE04EC0-301F-11D3-BF4B-00C04F79EFBC}") = "test풀이1027", "test풀이1027\test풀이1027.csproj", "{ED7F975A-985B-4716-86A1-890502614438}"
EndProject
Global
	GlobalSection(SolutionConfigurationPlatforms) = preSolution
		Debug|Any CPU = Debug|Any CPU
		Release|Any CPU = Release|Any CPU
	EndGlobalSection
	GlobalSection(ProjectConfigurationPlatforms) = postSolution
		{DF19138A-EC2F-413E-8049-79F2E5BBF039}.Debug|Any CPU.ActiveCfg = Debug|Any CPU
		{DF19138A-EC2F-413E-8049-79F2E5BBF039}.Debug|Any CPU.Build.0 = Debug|Any CPU
		{DF19138A-EC2F-413E-8049-79F2E5BBF039}.Release|Any CPU.ActiveCfg = Release|Any CPU
		{DF19138A-EC2F-413E-8049-79F2E5BBF039}.Release|Any CPU.Build.0 = Release|Any CPU
		{A392DB10-D168-4789-9870-8BF569D0DBE6}.Debug|Any CPU.ActiveCfg = Debug|Any CPU
		{A392DB10-D168-4789-9870-8BF569D0DBE6}.Debug|Any CPU.Build.0 = Debug|Any CPU
		{A392DB10-D168-4789-9870-8BF569D0DBE6}.Release|Any CPU.ActiveCfg = Release|Any CPU
		{A392DB10-D168-4789-9870-8BF569D0DBE6}.Release|Any CPU.Build.0 = Release|Any CPU
		{ED7F975A-985B-4716-86A1-890502614438}.Debug|Any CPU.ActiveCfg = Debug|Any CPU
		{ED7F975A-985B-4716-86A1-890502614438}.Debug|Any CPU.Build.0 = Debug|Any CPU
		{ED7F975A-985B-4716-86A1-890502614438}.Release|Any CPU.ActiveCfg = Release|Any CPU
		{ED7F975A-985B-4716-86A1-890502614438}.Release|Any CPU.Build.0 = Release|Any CPU
	EndGlobalSection
	GlobalSection(SolutionProperties) = preSolution
		HideSolutionNode = FALSE
	EndGlobalSection
	GlobalSection(ExtensibilityGlobals) = postSolution
		SolutionGuid = {A4320236-47B3-4F20-BD9D-7D3CC2D5B01F}
	EndGlobalSection
EndGlobal
